- name: system setup | clock | install chrony (ubuntu)
  tags: ntp,system setup
  package:
    name: chrony
    state: latest
  when: ansible_distribution in ["Pop!_OS", "Ubuntu"]

- name: system setup | clock | start and enable chrony
  tags: ntp,system settings
  service:
    name: chronyd
    state: started
    enabled: true

- name: system setup | clock | set time zone
  tags: ntp,timezone,system setup
  timezone:
    name: "America/Vancouver"
